
Microsoft Visual Studio Solution File, Format Version 12.00
# Visual Studio Version 16
VisualStudioVersion = 16.0.31702.278
MinimumVisualStudioVersion = 10.0.40219.1
Project("{FAE04EC0-301F-11D3-BF4B-00C04F79EFBC}") = "ConsoleAppTest", "ConsoleAppTest\ConsoleAppTest.csproj", "{545CDAFC-BFE7-4BEB-9441-70CE5731581E}"
EndProject
Global
	GlobalSection(SolutionConfigurationPlatforms) = preSolution
		Debug|Any CPU = Debug|Any CPU
		Release|Any CPU = Release|Any CPU
	EndGlobalSection
	GlobalSection(ProjectConfigurationPlatforms) = postSolution
		{545CDAFC-BFE7-4BEB-9441-70CE5731581E}.Debug|Any CPU.ActiveCfg = Debug|Any CPU
		{545CDAFC-BFE7-4BEB-9441-70CE5731581E}.Debug|Any CPU.Build.0 = Debug|Any CPU
		{545CDAFC-BFE7-4BEB-9441-70CE5731581E}.Release|Any CPU.ActiveCfg = Release|Any CPU
		{545CDAFC-BFE7-4BEB-9441-70CE5731581E}.Release|Any CPU.Build.0 = Release|Any CPU
	EndGlobalSection
	GlobalSection(SolutionProperties) = preSolution
		HideSolutionNode = FALSE
	EndGlobalSection
	GlobalSection(ExtensibilityGlobals) = postSolution
		SolutionGuid = {0CF4463B-65F7-4B7F-AB06-2BEC2D063D40}
	EndGlobalSection
EndGlobal
